
Microsoft Visual Studio Solution File, Format Version 12.00
# Visual Studio Version 16
VisualStudioVersion = 16.0.29613.14
MinimumVisualStudioVersion = 10.0.40219.1
Project("{9A19103F-16F7-4668-BE54-9A1E7A4F7556}") = "DevIO.Business", "src\DevIO.Business\DevIO.Business.csproj", "{6A84E2C0-FECA-4B3F-8E50-A2224CD641F5}"
EndProject
Project("{9A19103F-16F7-4668-BE54-9A1E7A4F7556}") = "DevIO.Data", "src\DevIO.Data\DevIO.Data.csproj", "{D0D0FC9D-69C2-49BB-84A5-8369F4AF0C88}"
EndProject
Project("{FAE04EC0-301F-11D3-BF4B-00C04F79EFBC}") = "DevIO.Api", "src\DevIO.Api\DevIO.Api.csproj", "{34F45401-47DC-4B76-81E7-BD55C699E9B0}"
EndProject
Global
	GlobalSection(SolutionConfigurationPlatforms) = preSolution
		Debug|Any CPU = Debug|Any CPU
		Release|Any CPU = Release|Any CPU
	EndGlobalSection
	GlobalSection(ProjectConfigurationPlatforms) = postSolution
		{6A84E2C0-FECA-4B3F-8E50-A2224CD641F5}.Debug|Any CPU.ActiveCfg = Debug|Any CPU
		{6A84E2C0-FECA-4B3F-8E50-A2224CD641F5}.Debug|Any CPU.Build.0 = Debug|Any CPU
		{6A84E2C0-FECA-4B3F-8E50-A2224CD641F5}.Release|Any CPU.ActiveCfg = Release|Any CPU
		{6A84E2C0-FECA-4B3F-8E50-A2224CD641F5}.Release|Any CPU.Build.0 = Release|Any CPU
		{D0D0FC9D-69C2-49BB-84A5-8369F4AF0C88}.Debug|Any CPU.ActiveCfg = Debug|Any CPU
		{D0D0FC9D-69C2-49BB-84A5-8369F4AF0C88}.Debug|Any CPU.Build.0 = Debug|Any CPU
		{D0D0FC9D-69C2-49BB-84A5-8369F4AF0C88}.Release|Any CPU.ActiveCfg = Release|Any CPU
		{D0D0FC9D-69C2-49BB-84A5-8369F4AF0C88}.Release|Any CPU.Build.0 = Release|Any CPU
		{34F45401-47DC-4B76-81E7-BD55C699E9B0}.Debug|Any CPU.ActiveCfg = Debug|Any CPU
		{34F45401-47DC-4B76-81E7-BD55C699E9B0}.Debug|Any CPU.Build.0 = Debug|Any CPU
		{34F45401-47DC-4B76-81E7-BD55C699E9B0}.Release|Any CPU.ActiveCfg = Release|Any CPU
		{34F45401-47DC-4B76-81E7-BD55C699E9B0}.Release|Any CPU.Build.0 = Release|Any CPU
	EndGlobalSection
	GlobalSection(SolutionProperties) = preSolution
		HideSolutionNode = FALSE
	EndGlobalSection
	GlobalSection(ExtensibilityGlobals) = postSolution
		SolutionGuid = {77A67AC6-FA23-4BD7-A1E7-B8D5F5377335}
	EndGlobalSection
EndGlobal
